
Microsoft Visual Studio Solution File, Format Version 11.00
# Visual Studio 2010
Project("{FAE04EC0-301F-11D3-BF4B-00C04F79EFBC}") = "StarFeeder", "Assembly-CSharp.csproj", "{00147302-0CC2-2699-03BD-912106AAC406}"
EndProject
Global
	GlobalSection(SolutionConfigurationPlatforms) = preSolution
		Debug|Any CPU = Debug|Any CPU
		Release|Any CPU = Release|Any CPU
	EndGlobalSection
	GlobalSection(ProjectConfigurationPlatforms) = postSolution
		{00147302-0CC2-2699-03BD-912106AAC406}.Debug|Any CPU.ActiveCfg = Debug|Any CPU
		{00147302-0CC2-2699-03BD-912106AAC406}.Debug|Any CPU.Build.0 = Debug|Any CPU
		{00147302-0CC2-2699-03BD-912106AAC406}.Release|Any CPU.ActiveCfg = Release|Any CPU
		{00147302-0CC2-2699-03BD-912106AAC406}.Release|Any CPU.Build.0 = Release|Any CPU
	EndGlobalSection
	GlobalSection(SolutionProperties) = preSolution
		HideSolutionNode = FALSE
	EndGlobalSection
	GlobalSection(MonoDevelopProperties) = preSolution
		StartupItem = Assembly-CSharp.csproj
	EndGlobalSection
EndGlobal
