
Microsoft Visual Studio Solution File, Format Version 12.00
# Visual Studio 2017
Project("{FAE04EC0-301F-11D3-BF4B-00C04F79EFBC}") = "StarFeeder", "StarFeeder.csproj", "{F44FEE8C-2239-7E29-142F-3870E5CD8BFE}"
EndProject
Global
	GlobalSection(SolutionConfigurationPlatforms) = preSolution
		Debug|Any CPU = Debug|Any CPU
		Release|Any CPU = Release|Any CPU
	EndGlobalSection
	GlobalSection(ProjectConfigurationPlatforms) = postSolution
		{00147302-0CC2-2699-03BD-912106AAC406}.Debug|Any CPU.ActiveCfg = Debug|Any CPU
		{00147302-0CC2-2699-03BD-912106AAC406}.Debug|Any CPU.Build.0 = Debug|Any CPU
		{00147302-0CC2-2699-03BD-912106AAC406}.Release|Any CPU.ActiveCfg = Release|Any CPU
		{00147302-0CC2-2699-03BD-912106AAC406}.Release|Any CPU.Build.0 = Release|Any CPU
	EndGlobalSection
	GlobalSection(SolutionProperties) = preSolution
		HideSolutionNode = FALSE
	EndGlobalSection
	GlobalSection(MonoDevelopProperties) = preSolution
		StartupItem = Assembly-CSharp.csproj
	EndGlobalSection
EndGlobal
